
Microsoft Visual Studio Solution File, Format Version 12.00
# Visual Studio Version 16
VisualStudioVersion = 16.0.30804.86
MinimumVisualStudioVersion = 10.0.40219.1
Project("{FAE04EC0-301F-11D3-BF4B-00C04F79EFBC}") = "MyDictionary", "MyDictionary\MyDictionary.csproj", "{40DD0929-15BC-44B3-87D3-460A63259B6A}"
EndProject
Global
	GlobalSection(SolutionConfigurationPlatforms) = preSolution
		Debug|Any CPU = Debug|Any CPU
		Release|Any CPU = Release|Any CPU
	EndGlobalSection
	GlobalSection(ProjectConfigurationPlatforms) = postSolution
		{40DD0929-15BC-44B3-87D3-460A63259B6A}.Debug|Any CPU.ActiveCfg = Debug|Any CPU
		{40DD0929-15BC-44B3-87D3-460A63259B6A}.Debug|Any CPU.Build.0 = Debug|Any CPU
		{40DD0929-15BC-44B3-87D3-460A63259B6A}.Release|Any CPU.ActiveCfg = Release|Any CPU
		{40DD0929-15BC-44B3-87D3-460A63259B6A}.Release|Any CPU.Build.0 = Release|Any CPU
	EndGlobalSection
	GlobalSection(SolutionProperties) = preSolution
		HideSolutionNode = FALSE
	EndGlobalSection
	GlobalSection(ExtensibilityGlobals) = postSolution
		SolutionGuid = {C041EAE6-20B8-4AD8-B924-A4A48355752E}
	EndGlobalSection
EndGlobal
